hash: 940514643e7f4d184b29a1b4506b1bedacd56b16a28e58f4ea373a5610986846
updated: 2018-01-10T14:39:07.723590674-08:00
imports:
- name: github.com/gogo/protobuf
  version: 160de10b2537169b5ae3e7e221d28269ef40d311
  subpackages:
  - proto
- name: github.com/golang/glog
  version: 23def4e6c14b4da8ac2ed8007337bc5eb5007998
- name: github.com/hashicorp/consul
  version: ebcd1787db42ed2376bea5aebc8e0a418dffdab3
  subpackages:
  - api
- name: github.com/hashicorp/go-cleanhttp
  version: d5fe4b57a186c716b0e00b8c301cbd9b4182694d
- name: github.com/hashicorp/go-rootcerts
  version: 6bb64b370b90e7ef1fa532be9e591a81c3493e00
- name: github.com/hashicorp/serf
  version: 2d88a6b2e9b81cce923ee42c25bfa8da841e17a0
  subpackages:
  - coordinate
- name: github.com/mesos/mesos-go
  version: c488712c2b5a908fc9534560386fc572c3d126bf
  subpackages:
  - api/v0/detector
  - api/v0/detector/zoo
  - api/v0/mesosproto
  - api/v0/mesosutil
  - api/v0/upid
- name: github.com/mitchellh/go-homedir
  version: b8bc1bf767474819792c23f32d8286a45736f1c6
- name: github.com/ogier/pflag
  version: 45c278ab3607870051a2ea9040bb85fcb8557481
- name: github.com/samuel/go-zookeeper
  version: 471cd4e61d7a78ece1791fa5faa0345dc8c7d5a5
  subpackages:
  - zk
- name: github.com/sirupsen/logrus
  version: d682213848ed68c0a260ca37d6dd5ace8423f5ba
- name: golang.org/x/crypto
  version: b3c9a1d25cfbbbab0ff4780b71c4f54e6e92a0de
  subpackages:
  - ssh/terminal
- name: golang.org/x/net
  version: 434ec0c7fe3742c984919a691b2018a6e9694425
  subpackages:
  - context
- name: golang.org/x/sys
  version: 810d7000345868fc619eb81f46307107118f4ae1
  subpackages:
  - unix
  - windows
testImports: []
