hash: 76888f8a29b70e6dd8a714cf2bace1e3e03da6661d744ef31cfcbfea4a4fdac1
updated: 2017-06-05T20:58:20.003147577-07:00
imports:
- name: github.com/gogo/protobuf
  version: 5d0b7e0fe9b972b7778a9a6fe0557b3bb6cc950c
  subpackages:
  - proto
- name: github.com/golang/glog
  version: 23def4e6c14b4da8ac2ed8007337bc5eb5007998
- name: github.com/hashicorp/consul
  version: 2b4f31dfc0642e917e9ac53cebae4604ba994462
  subpackages:
  - api
- name: github.com/hashicorp/go-cleanhttp
  version: 3573b8b52aa7b37b9358d966a898feb387f62437
- name: github.com/hashicorp/go-rootcerts
  version: 6bb64b370b90e7ef1fa532be9e591a81c3493e00
- name: github.com/hashicorp/serf
  version: dfab144618a063232d5753eaa4250a09865106c5
  subpackages:
  - coordinate
- name: github.com/mesos/mesos-go
  version: f2cd423e881bdfb0658479ca4ef433e30f4906cd
  subpackages:
  - api/v0/detector
  - api/v0/detector/zoo
  - api/v0/mesosproto
  - api/v0/mesosutil
  - api/v0/upid
- name: github.com/mitchellh/go-homedir
  version: b8bc1bf767474819792c23f32d8286a45736f1c6
- name: github.com/ogier/pflag
  version: 45c278ab3607870051a2ea9040bb85fcb8557481
- name: github.com/samuel/go-zookeeper
  version: 1d7be4effb13d2d908342d349d71a284a7542693
  subpackages:
  - zk
- name: github.com/sirupsen/logrus
  version: 5e5dc898656f695e2a086b8e12559febbfc01562
- name: golang.org/x/net
  version: 59a0b19b5533c7977ddeb86b017bf507ed407b12
  subpackages:
  - context
- name: golang.org/x/sys
  version: b90f89a1e7a9c1f6b918820b3daa7f08488c8594
  subpackages:
  - unix
testImports: []
